
Microsoft Visual Studio Solution File, Format Version 12.00
# Visual Studio 2017
Project("{FAE04EC0-301F-11D3-BF4B-00C04F79EFBC}") = "Game Files", "Game Files.csproj", "{925D0714-ADFB-5C58-4D78-F66909EE9A62}"
EndProject
Project("{FAE04EC0-301F-11D3-BF4B-00C04F79EFBC}") = "Game Files.Editor", "Game Files.Editor.csproj", "{76950550-95FF-88BC-97FF-AEFD6F2295AD}"
EndProject
Global
	GlobalSection(SolutionConfigurationPlatforms) = preSolution
		Debug|Any CPU = Debug|Any CPU
		Release|Any CPU = Release|Any CPU
	EndGlobalSection
	GlobalSection(ProjectConfigurationPlatforms) = postSolution
		{925D0714-ADFB-5C58-4D78-F66909EE9A62}.Debug|Any CPU.ActiveCfg = Debug|Any CPU
		{925D0714-ADFB-5C58-4D78-F66909EE9A62}.Debug|Any CPU.Build.0 = Debug|Any CPU
		{925D0714-ADFB-5C58-4D78-F66909EE9A62}.Release|Any CPU.ActiveCfg = Release|Any CPU
		{925D0714-ADFB-5C58-4D78-F66909EE9A62}.Release|Any CPU.Build.0 = Release|Any CPU
		{76950550-95FF-88BC-97FF-AEFD6F2295AD}.Debug|Any CPU.ActiveCfg = Debug|Any CPU
		{76950550-95FF-88BC-97FF-AEFD6F2295AD}.Debug|Any CPU.Build.0 = Debug|Any CPU
		{76950550-95FF-88BC-97FF-AEFD6F2295AD}.Release|Any CPU.ActiveCfg = Release|Any CPU
		{76950550-95FF-88BC-97FF-AEFD6F2295AD}.Release|Any CPU.Build.0 = Release|Any CPU
	EndGlobalSection
	GlobalSection(SolutionProperties) = preSolution
		HideSolutionNode = FALSE
	EndGlobalSection
EndGlobal
